// !$*UTF8*$!
{
	archiveVersion = 1;
	classes = {
	};
	objectVersion = 50;
	objects = {

/* Begin PBXBuildFile section */
		952BBF922359E52600119D39 /* AppDelegate.swift in Sources */ = {isa = PBXBuildFile; fileRef = 952BBF912359E52600119D39 /* AppDelegate.swift */; };
		952BBF942359E52600119D39 /* GameScene.sks in Resources */ = {isa = PBXBuildFile; fileRef = 952BBF932359E52600119D39 /* GameScene.sks */; };
		952BBF962359E52600119D39 /* Actions.sks in Resources */ = {isa = PBXBuildFile; fileRef = 952BBF952359E52600119D39 /* Actions.sks */; };
		952BBF982359E52600119D39 /* GameScene.swift in Sources */ = {isa = PBXBuildFile; fileRef = 952BBF972359E52600119D39 /* GameScene.swift */; };
		952BBF9A2359E52600119D39 /* GameViewController.swift in Sources */ = {isa = PBXBuildFile; fileRef = 952BBF992359E52600119D39 /* GameViewController.swift */; };
		952BBF9D2359E52600119D39 /* Main.storyboard in Resources */ = {isa = PBXBuildFile; fileRef = 952BBF9B2359E52600119D39 /* Main.storyboard */; };
		952BBF9F2359E52700119D39 /* Assets.xcassets in Resources */ = {isa = PBXBuildFile; fileRef = 952BBF9E2359E52700119D39 /* Assets.xcassets */; };
		952BBFA22359E52700119D39 /* LaunchScreen.storyboard in Resources */ = {isa = PBXBuildFile; fileRef = 952BBFA02359E52700119D39 /* LaunchScreen.storyboard */; };
/* End PBXBuildFile section */

/* Begin PBXFileReference section */
		952BBF8E2359E52600119D39 /* CrazyBird.app */ = {isa = PBXFileReference; explicitFileType = wrapper.application; includeInIndex = 0; path = CrazyBird.app; sourceTree = BUILT_PRODUCTS_DIR; };
		952BBF912359E52600119D39 /* AppDelegate.swift */ = {isa = PBXFileReference; lastKnownFileType = sourcecode.swift; path = AppDelegate.swift; sourceTree = "<group>"; };
		952BBF932359E52600119D39 /* GameScene.sks */ = {isa = PBXFileReference; lastKnownFileType = file.sks; path = GameScene.sks; sourceTree = "<group>"; };
		952BBF952359E52600119D39 /* Actions.sks */ = {isa = PBXFileReference; lastKnownFileType = file.sks; path = Actions.sks; sourceTree = "<group>"; };
		952BBF972359E52600119D39 /* GameScene.swift */ = {isa = PBXFileReference; lastKnownFileType = sourcecode.swift; path = GameScene.swift; sourceTree = "<group>"; };
		952BBF992359E52600119D39 /* GameViewController.swift */ = {isa = PBXFileReference; lastKnownFileType = sourcecode.swift; path = GameViewController.swift; sourceTree = "<group>"; };
		952BBF9C2359E52600119D39 /* Base */ = {isa = PBXFileReference; lastKnownFileType = file.storyboard; name = Base; path = Base.lproj/Main.storyboard; sourceTree = "<group>"; };
		952BBF9E2359E52700119D39 /* Assets.xcassets */ = {isa = PBXFileReference; lastKnownFileType = folder.assetcatalog; path = Assets.xcassets; sourceTree = "<group>"; };
		952BBFA12359E52700119D39 /* Base */ = {isa = PBXFileReference; lastKnownFileType = file.storyboard; name = Base; path = Base.lproj/LaunchScreen.storyboard; sourceTree = "<group>"; };
		952BBFA32359E52700119D39 /* Info.plist */ = {isa = PBXFileReference; lastKnownFileType = text.plist.xml; path = Info.plist; sourceTree = "<group>"; };
/* End PBXFileReference section */

/* Begin PBXFrameworksBuildPhase section */
		952BBF8B2359E52600119D39 /* Frameworks */ = {
			isa = PBXFrameworksBuildPhase;
			buildActionMask = 2147483647;
			files = (
			);
			runOnlyForDeploymentPostprocessing = 0;
		};
/* End PBXFrameworksBuildPhase section */

/* Begin PBXGroup section */
		952BBF852359E52600119D39 = {
			isa = PBXGroup;
			children = (
				952BBF902359E52600119D39 /* CrazyBird */,
				952BBF8F2359E52600119D39 /* Products */,
			);
			sourceTree = "<group>";
		};
		952BBF8F2359E52600119D39 /* Products */ = {
			isa = PBXGroup;
			children = (
				952BBF8E2359E52600119D39 /* CrazyBird.app */,
			);
			name = Products;
			sourceTree = "<group>";
		};
		952BBF902359E52600119D39 /* CrazyBird */ = {
			isa = PBXGroup;
			children = (
				952BBF912359E52600119D39 /* AppDelegate.swift */,
				952BBF932359E52600119D39 /* GameScene.sks */,
				952BBF952359E52600119D39 /* Actions.sks */,
				952BBF972359E52600119D39 /* GameScene.swift */,
				952BBF992359E52600119D39 /* GameViewController.swift */,
				952BBF9B2359E52600119D39 /* Main.storyboard */,
				952BBF9E2359E52700119D39 /* Assets.xcassets */,
				952BBFA02359E52700119D39 /* LaunchScreen.storyboard */,
				952BBFA32359E52700119D39 /* Info.plist */,
			);
			path = CrazyBird;
			sourceTree = "<group>";
		};
/* End PBXGroup section */

/* Begin PBXNativeTarget section */
		952BBF8D2359E52600119D39 /* CrazyBird */ = {
			isa = PBXNativeTarget;
			buildConfigurationList = 952BBFA62359E52700119D39 /* Build configuration list for PBXNativeTarget "CrazyBird" */;
			buildPhases = (
				952BBF8A2359E52600119D39 /* Sources */,
				952BBF8B2359E52600119D39 /* Frameworks */,
				952BBF8C2359E52600119D39 /* Resources */,
			);
			buildRules = (
			);
			dependencies = (
			);
			name = CrazyBird;
			productName = CrazyBird;
			productReference = 952BBF8E2359E52600119D39 /* CrazyBird.app */;
			productType = "com.apple.product-type.application";
		};
/* End PBXNativeTarget section */

/* Begin PBXProject section */
		952BBF862359E52600119D39 /* Project object */ = {
			isa = PBXProject;
			attributes = {
				LastSwiftUpdateCheck = 1020;
				LastUpgradeCheck = 1020;
				ORGANIZATIONNAME = "Hamit  Tırpan";
				TargetAttributes = {
					952BBF8D2359E52600119D39 = {
						CreatedOnToolsVersion = 10.2.1;
					};
				};
			};
			buildConfigurationList = 952BBF892359E52600119D39 /* Build configuration list for PBXProject "CrazyBird" */;
			compatibilityVersion = "Xcode 9.3";
			developmentRegion = en;
			hasScannedForEncodings = 0;
			knownRegions = (
				en,
				Base,
			);
			mainGroup = 952BBF852359E52600119D39;
			productRefGroup = 952BBF8F2359E52600119D39 /* Products */;
			projectDirPath = "";
			projectRoot = "";
			targets = (
				952BBF8D2359E52600119D39 /* CrazyBird */,
			);
		};
/* End PBXProject section */

/* Begin PBXResourcesBuildPhase section */
		952BBF8C2359E52600119D39 /* Resources */ = {
			isa = PBXResourcesBuildPhase;
			buildActionMask = 2147483647;
			files = (
				952BBF9D2359E52600119D39 /* Main.storyboard in Resources */,
				952BBF942359E52600119D39 /* GameScene.sks in Resources */,
				952BBF9F2359E52700119D39 /* Assets.xcassets in Resources */,
				952BBFA22359E52700119D39 /* LaunchScreen.storyboard in Resources */,
				952BBF962359E52600119D39 /* Actions.sks in Resources */,
			);
			runOnlyForDeploymentPostprocessing = 0;
		};
/* End PBXResourcesBuildPhase section */

/* Begin PBXSourcesBuildPhase section */
		952BBF8A2359E52600119D39 /* Sources */ = {
			isa = PBXSourcesBuildPhase;
			buildActionMask = 2147483647;
			files = (
				952BBF982359E52600119D39 /* GameScene.swift in Sources */,
				952BBF9A2359E52600119D39 /* GameViewController.swift in Sources */,
				952BBF922359E52600119D39 /* AppDelegate.swift in Sources */,
			);
			runOnlyForDeploymentPostprocessing = 0;
		};
/* End PBXSourcesBuildPhase section */

/* Begin PBXVariantGroup section */
		952BBF9B2359E52600119D39 /* Main.storyboard */ = {
			isa = PBXVariantGroup;
			children = (
				952BBF9C2359E52600119D39 /* Base */,
			);
			name = Main.storyboard;
			sourceTree = "<group>";
		};
		952BBFA02359E52700119D39 /* LaunchScreen.storyboard */ = {
			isa = PBXVariantGroup;
			children = (
				952BBFA12359E52700119D39 /* Base */,
			);
			name = LaunchScreen.storyboard;
			sourceTree = "<group>";
		};
/* End PBXVariantGroup section */

/* Begin XCBuildConfiguration section */
		952BBFA42359E52700119D39 /* Debug */ = {
			isa = XCBuildConfiguration;
			buildSettings = {
				ALWAYS_SEARCH_USER_PATHS = NO;
				CLANG_ANALYZER_NONNULL = YES;
				CLANG_ANALYZER_NUMBER_OBJECT_CONVERSION = YES_AGGRESSIVE;
				CLANG_CXX_LANGUAGE_STANDARD = "gnu++14";
				CLANG_CXX_LIBRARY = "libc++";
				CLANG_ENABLE_MODULES = YES;
				CLANG_ENABLE_OBJC_ARC = YES;
				CLANG_ENABLE_OBJC_WEAK = YES;
				CLANG_WARN_BLOCK_CAPTURE_AUTORELEASING = YES;
				CLANG_WARN_BOOL_CONVERSION = YES;
				CLANG_WARN_COMMA = YES;
				CLANG_WARN_CONSTANT_CONVERSION = YES;
				CLANG_WARN_DEPRECATED_OBJC_IMPLEMENTATIONS = YES;
				CLANG_WARN_DIRECT_OBJC_ISA_USAGE = YES_ERROR;
				CLANG_WARN_DOCUMENTATION_COMMENTS = YES;
				CLANG_WARN_EMPTY_BODY = YES;
				CLANG_WARN_ENUM_CONVERSION = YES;
				CLANG_WARN_INFINITE_RECURSION = YES;
				CLANG_WARN_INT_CONVERSION = YES;
				CLANG_WARN_NON_LITERAL_NULL_CONVERSION = YES;
				CLANG_WARN_OBJC_IMPLICIT_RETAIN_SELF = YES;
				CLANG_WARN_OBJC_LITERAL_CONVERSION = YES;
				CLANG_WARN_OBJC_ROOT_CLASS = YES_ERROR;
				CLANG_WARN_RANGE_LOOP_ANALYSIS = YES;
				CLANG_WARN_STRICT_PROTOTYPES = YES;
				CLANG_WARN_SUSPICIOUS_MOVE = YES;
				CLANG_WARN_UNGUARDED_AVAILABILITY = YES_AGGRESSIVE;
				CLANG_WARN_UNREACHABLE_CODE = YES;
				CLANG_WARN__DUPLICATE_METHOD_MATCH = YES;
				CODE_SIGN_IDENTITY = "iPhone Developer";
				COPY_PHASE_STRIP = NO;
				DEBUG_INFORMATION_FORMAT = dwarf;
				ENABLE_STRICT_OBJC_MSGSEND = YES;
				ENABLE_TESTABILITY = YES;
				GCC_C_LANGUAGE_STANDARD = gnu11;
				GCC_DYNAMIC_NO_PIC = NO;
				GCC_NO_COMMON_BLOCKS = YES;
				GCC_OPTIMIZATION_LEVEL = 0;
				GCC_PREPROCESSOR_DEFINITIONS = (
					"DEBUG=1",
					"$(inherited)",
				);
				GCC_WARN_64_TO_32_BIT_CONVERSION = YES;
				GCC_WARN_ABOUT_RETURN_TYPE = YES_ERROR;
				GCC_WARN_UNDECLARED_SELECTOR = YES;
				GCC_WARN_UNINITIALIZED_AUTOS = YES_AGGRESSIVE;
				GCC_WARN_UNUSED_FUNCTION = YES;
				GCC_WARN_UNUSED_VARIABLE = YES;
				IPHONEOS_DEPLOYMENT_TARGET = 12.2;
				MTL_ENABLE_DEBUG_INFO = INCLUDE_SOURCE;
				MTL_FAST_MATH = YES;
				ONLY_ACTIVE_ARCH = YES;
				SDKROOT = iphoneos;
				SWIFT_ACTIVE_COMPILATION_CONDITIONS = DEBUG;
				SWIFT_OPTIMIZATION_LEVEL = "-Onone";
			};
			name = Debug;
		};
		952BBFA52359E52700119D39 /* Release */ = {
			isa = XCBuildConfiguration;
			buildSettings = {
				ALWAYS_SEARCH_USER_PATHS = NO;
				CLANG_ANALYZER_NONNULL = YES;
				CLANG_ANALYZER_NUMBER_OBJECT_CONVERSION = YES_AGGRESSIVE;
				CLANG_CXX_LANGUAGE_STANDARD = "gnu++14";
				CLANG_CXX_LIBRARY = "libc++";
				CLANG_ENABLE_MODULES = YES;
				CLANG_ENABLE_OBJC_ARC = YES;
				CLANG_ENABLE_OBJC_WEAK = YES;
				CLANG_WARN_BLOCK_CAPTURE_AUTORELEASING = YES;
				CLANG_WARN_BOOL_CONVERSION = YES;
				CLANG_WARN_COMMA = YES;
				CLANG_WARN_CONSTANT_CONVERSION = YES;
				CLANG_WARN_DEPRECATED_OBJC_IMPLEMENTATIONS = YES;
				CLANG_WARN_DIRECT_OBJC_ISA_USAGE = YES_ERROR;
				CLANG_WARN_DOCUMENTATION_COMMENTS = YES;
				CLANG_WARN_EMPTY_BODY = YES;
				CLANG_WARN_ENUM_CONVERSION = YES;
				CLANG_WARN_INFINITE_RECURSION = YES;
				CLANG_WARN_INT_CONVERSION = YES;
				CLANG_WARN_NON_LITERAL_NULL_CONVERSION = YES;
				CLANG_WARN_OBJC_IMPLICIT_RETAIN_SELF = YES;
				CLANG_WARN_OBJC_LITERAL_CONVERSION = YES;
				CLANG_WARN_OBJC_ROOT_CLASS = YES_ERROR;
				CLANG_WARN_RANGE_LOOP_ANALYSIS = YES;
				CLANG_WARN_STRICT_PROTOTYPES = YES;
				CLANG_WARN_SUSPICIOUS_MOVE = YES;
				CLANG_WARN_UNGUARDED_AVAILABILITY = YES_AGGRESSIVE;
				CLANG_WARN_UNREACHABLE_CODE = YES;
				CLANG_WARN__DUPLICATE_METHOD_MATCH = YES;
				CODE_SIGN_IDENTITY = "iPhone Developer";
				COPY_PHASE_STRIP = NO;
				DEBUG_INFORMATION_FORMAT = "dwarf-with-dsym";
				ENABLE_NS_ASSERTIONS = NO;
				ENABLE_STRICT_OBJC_MSGSEND = YES;
				GCC_C_LANGUAGE_STANDARD = gnu11;
				GCC_NO_COMMON_BLOCKS = YES;
				GCC_WARN_64_TO_32_BIT_CONVERSION = YES;
				GCC_WARN_ABOUT_RETURN_TYPE = YES_ERROR;
				GCC_WARN_UNDECLARED_SELECTOR = YES;
				GCC_WARN_UNINITIALIZED_AUTOS = YES_AGGRESSIVE;
				GCC_WARN_UNUSED_FUNCTION = YES;
				GCC_WARN_UNUSED_VARIABLE = YES;
				IPHONEOS_DEPLOYMENT_TARGET = 12.2;
				MTL_ENABLE_DEBUG_INFO = NO;
				MTL_FAST_MATH = YES;
				SDKROOT = iphoneos;
				SWIFT_COMPILATION_MODE = wholemodule;
				SWIFT_OPTIMIZATION_LEVEL = "-O";
				VALIDATE_PRODUCT = YES;
			};
			name = Release;
		};
		952BBFA72359E52700119D39 /* Debug */ = {
			isa = XCBuildConfiguration;
			buildSettings = {
				ASSETCATALOG_COMPILER_APPICON_NAME = AppIcon;
				CODE_SIGN_STYLE = Automatic;
				DEVELOPMENT_TEAM = YE333T4WMK;
				INFOPLIST_FILE = CrazyBird/Info.plist;
				LD_RUNPATH_SEARCH_PATHS = (
					"$(inherited)",
					"@executable_path/Frameworks",
				);
				PRODUCT_BUNDLE_IDENTIFIER = com.hamittirpan.CrazyBird;
				PRODUCT_NAME = "$(TARGET_NAME)";
				SWIFT_VERSION = 5.0;
				TARGETED_DEVICE_FAMILY = "1,2";
			};
			name = Debug;
		};
		952BBFA82359E52700119D39 /* Release */ = {
			isa = XCBuildConfiguration;
			buildSettings = {
				ASSETCATALOG_COMPILER_APPICON_NAME = AppIcon;
				CODE_SIGN_STYLE = Automatic;
				DEVELOPMENT_TEAM = YE333T4WMK;
				INFOPLIST_FILE = CrazyBird/Info.plist;
				LD_RUNPATH_SEARCH_PATHS = (
					"$(inherited)",
					"@executable_path/Frameworks",
				);
				PRODUCT_BUNDLE_IDENTIFIER = com.hamittirpan.CrazyBird;
				PRODUCT_NAME = "$(TARGET_NAME)";
				SWIFT_VERSION = 5.0;
				TARGETED_DEVICE_FAMILY = "1,2";
			};
			name = Release;
		};
/* End XCBuildConfiguration section */

/* Begin XCConfigurationList section */
		952BBF892359E52600119D39 /* Build configuration list for PBXProject "CrazyBird" */ = {
			isa = XCConfigurationList;
			buildConfigurations = (
				952BBFA42359E52700119D39 /* Debug */,
				952BBFA52359E52700119D39 /* Release */,
			);
			defaultConfigurationIsVisible = 0;
			defaultConfigurationName = Release;
		};
		952BBFA62359E52700119D39 /* Build configuration list for PBXNativeTarget "CrazyBird" */ = {
			isa = XCConfigurationList;
			buildConfigurations = (
				952BBFA72359E52700119D39 /* Debug */,
				952BBFA82359E52700119D39 /* Release */,
			);
			defaultConfigurationIsVisible = 0;
			defaultConfigurationName = Release;
		};
/* End XCConfigurationList section */
	};
	rootObject = 952BBF862359E52600119D39 /* Project object */;
}
